
Microsoft Visual Studio Solution File, Format Version 12.00
# Visual Studio Version 17
VisualStudioVersion = 17.10.34916.146
MinimumVisualStudioVersion = 10.0.40219.1
Project("{FAE04EC0-301F-11D3-BF4B-00C04F79EFBC}") = "Task_00", "Урок 2\Task_00.csproj", "{614031DA-DB14-45D4-B4F9-A72F1CB0B056}"
EndProject
Global
	GlobalSection(SolutionConfigurationPlatforms) = preSolution
		Debug|Any CPU = Debug|Any CPU
		Release|Any CPU = Release|Any CPU
	EndGlobalSection
	GlobalSection(ProjectConfigurationPlatforms) = postSolution
		{614031DA-DB14-45D4-B4F9-A72F1CB0B056}.Debug|Any CPU.ActiveCfg = Debug|Any CPU
		{614031DA-DB14-45D4-B4F9-A72F1CB0B056}.Debug|Any CPU.Build.0 = Debug|Any CPU
		{614031DA-DB14-45D4-B4F9-A72F1CB0B056}.Release|Any CPU.ActiveCfg = Release|Any CPU
		{614031DA-DB14-45D4-B4F9-A72F1CB0B056}.Release|Any CPU.Build.0 = Release|Any CPU
	EndGlobalSection
	GlobalSection(SolutionProperties) = preSolution
		HideSolutionNode = FALSE
	EndGlobalSection
	GlobalSection(ExtensibilityGlobals) = postSolution
		SolutionGuid = {8C52DCFD-97DF-473B-A768-770C584FCB68}
	EndGlobalSection
EndGlobal
